
Microsoft Visual Studio Solution File, Format Version 12.00
# Visual Studio Version 17
VisualStudioVersion = 17.4.33213.308
MinimumVisualStudioVersion = 10.0.40219.1
Project("{FAE04EC0-301F-11D3-BF4B-00C04F79EFBC}") = "ButtonsPlus", "ButtonsPlus\ButtonsPlus.csproj", "{5B2FA4FF-D8A8-496A-A7A2-AE02C2DB06CA}"
EndProject
Global
	GlobalSection(SolutionConfigurationPlatforms) = preSolution
		Debug|Any CPU = Debug|Any CPU
		Release|Any CPU = Release|Any CPU
	EndGlobalSection
	GlobalSection(ProjectConfigurationPlatforms) = postSolution
		{5B2FA4FF-D8A8-496A-A7A2-AE02C2DB06CA}.Debug|Any CPU.ActiveCfg = Debug|Any CPU
		{5B2FA4FF-D8A8-496A-A7A2-AE02C2DB06CA}.Debug|Any CPU.Build.0 = Debug|Any CPU
		{5B2FA4FF-D8A8-496A-A7A2-AE02C2DB06CA}.Release|Any CPU.ActiveCfg = Release|Any CPU
		{5B2FA4FF-D8A8-496A-A7A2-AE02C2DB06CA}.Release|Any CPU.Build.0 = Release|Any CPU
	EndGlobalSection
	GlobalSection(SolutionProperties) = preSolution
		HideSolutionNode = FALSE
	EndGlobalSection
	GlobalSection(ExtensibilityGlobals) = postSolution
		SolutionGuid = {687EAA99-0224-4CF4-90BA-10B3A1C737C1}
	EndGlobalSection
EndGlobal
